<?xml version="1.0" encoding="UTF-8" standalone="yes" ?>
<CodeBlocks_project_file>
	<FileVersion major="1" minor="6" />
	<Project>
		<Option title="PrismClassifier" />
		<Option pch_mode="2" />
		<Option compiler="gcc" />
		<Build>
			<Target title="Debug">
				<Option output="bin/Debug/PrismClassifier" prefix_auto="1" extension_auto="1" />
				<Option object_output="obj/Debug/" />
				<Option type="1" />
				<Option compiler="gcc" />
				<Compiler>
					<Add option="-g" />
				</Compiler>
			</Target>
			<Target title="Release">
				<Option output="bin/Release/PrismClassifier" prefix_auto="1" extension_auto="1" />
				<Option object_output="obj/Release/" />
				<Option type="1" />
				<Option compiler="gcc" />
				<Compiler>
					<Add option="-O2" />
				</Compiler>
				<Linker>
					<Add option="-s" />
				</Linker>
			</Target>
		</Build>
		<Compiler>
			<Add option="-Wall" />
		</Compiler>
		<Unit filename="Attribute.c">
			<Option compilerVar="CC" />
		</Unit>
		<Unit filename="Attribute.h" />
		<Unit filename="AttributeValueSet.c">
			<Option compilerVar="CC" />
		</Unit>
		<Unit filename="AttributeValueSet.h">
			<Option compile="1" />
		</Unit>
		<Unit filename="Classification.c">
			<Option compilerVar="CC" />
		</Unit>
		<Unit filename="Classification.h" />
		<Unit filename="Data.c">
			<Option compilerVar="CC" />
		</Unit>
		<Unit filename="Data.h" />
		<Unit filename="Instance.c">
			<Option compilerVar="CC" />
		</Unit>
		<Unit filename="Instance.h" />
		<Unit filename="Prism.h" />
		<Unit filename="PrismRule.c">
			<Option compilerVar="CC" />
		</Unit>
		<Unit filename="PrismRule.h" />
		<Unit filename="RuleTest.c">
			<Option compilerVar="CC" />
		</Unit>
		<Unit filename="RuleTest.h" />
		<Unit filename="Value.c">
			<Option compilerVar="CC" />
		</Unit>
		<Unit filename="Value.h" />
		<Unit filename="main.c">
			<Option compilerVar="CC" />
		</Unit>
		<Extensions>
			<code_completion />
			<envvars />
			<debugger />
			<lib_finder disable_auto="1" />
		</Extensions>
	</Project>
</CodeBlocks_project_file>
